
Microsoft Visual Studio Solution File, Format Version 12.00
# Visual Studio Version 17
VisualStudioVersion = 17.13.35931.197 d17.13
MinimumVisualStudioVersion = 10.0.40219.1
Project("{FAE04EC0-301F-11D3-BF4B-00C04F79EFBC}") = "PetStore.API", "PetStore.API\PetStore.API.csproj", "{35182DCA-8B21-4305-92BE-D257157869C9}"
EndProject
Global
	GlobalSection(SolutionConfigurationPlatforms) = preSolution
		Debug|Any CPU = Debug|Any CPU
		Release|Any CPU = Release|Any CPU
	EndGlobalSection
	GlobalSection(ProjectConfigurationPlatforms) = postSolution
		{35182DCA-8B21-4305-92BE-D257157869C9}.Debug|Any CPU.ActiveCfg = Debug|Any CPU
		{35182DCA-8B21-4305-92BE-D257157869C9}.Debug|Any CPU.Build.0 = Debug|Any CPU
		{35182DCA-8B21-4305-92BE-D257157869C9}.Release|Any CPU.ActiveCfg = Release|Any CPU
		{35182DCA-8B21-4305-92BE-D257157869C9}.Release|Any CPU.Build.0 = Release|Any CPU
	EndGlobalSection
	GlobalSection(SolutionProperties) = preSolution
		HideSolutionNode = FALSE
	EndGlobalSection
	GlobalSection(ExtensibilityGlobals) = postSolution
		SolutionGuid = {59DDAC53-53EA-463B-8B7E-7CC5C715AE0A}
	EndGlobalSection
EndGlobal
